// !$*UTF8*$!
{
	archiveVersion = 1;
	classes = {
	};
	objectVersion = 55;
	objects = {

/* Begin PBXBuildFile section */
		B243EB3A27E11E2F0006EB1A /* InstanceInitializerViewController.swift in Sources */ = {isa = PBXBuildFile; fileRef = B243EB3827E11E2F0006EB1A /* InstanceInitializerViewController.swift */; };
		B243EB3B27E11E2F0006EB1A /* InstanceInitializerViewController.xib in Resources */ = {isa = PBXBuildFile; fileRef = B243EB3927E11E2F0006EB1A /* InstanceInitializerViewController.xib */; };
		B243EB3E27E11E570006EB1A /* ClosureInitializerViewController.swift in Sources */ = {isa = PBXBuildFile; fileRef = B243EB3C27E11E570006EB1A /* ClosureInitializerViewController.swift */; };
		B243EB3F27E11E570006EB1A /* ClosureInitializerViewController.xib in Resources */ = {isa = PBXBuildFile; fileRef = B243EB3D27E11E570006EB1A /* ClosureInitializerViewController.xib */; };
		B243EB4227E11E6D0006EB1A /* MySingletonViewController.swift in Sources */ = {isa = PBXBuildFile; fileRef = B243EB4027E11E6D0006EB1A /* MySingletonViewController.swift */; };
		B243EB4327E11E6D0006EB1A /* MySingletonViewController.xib in Resources */ = {isa = PBXBuildFile; fileRef = B243EB4127E11E6D0006EB1A /* MySingletonViewController.xib */; };
		B243EB4B27E125440006EB1A /* MySingletonViewControllerTests.swift in Sources */ = {isa = PBXBuildFile; fileRef = B243EB4A27E125440006EB1A /* MySingletonViewControllerTests.swift */; };
		B2C1E0B027DEEFF90080B5E0 /* AppDelegate.swift in Sources */ = {isa = PBXBuildFile; fileRef = B2C1E0AF27DEEFF90080B5E0 /* AppDelegate.swift */; };
		B2C1E0B227DEEFF90080B5E0 /* SceneDelegate.swift in Sources */ = {isa = PBXBuildFile; fileRef = B2C1E0B127DEEFF90080B5E0 /* SceneDelegate.swift */; };
		B2C1E0B427DEEFF90080B5E0 /* ViewController.swift in Sources */ = {isa = PBXBuildFile; fileRef = B2C1E0B327DEEFF90080B5E0 /* ViewController.swift */; };
		B2C1E0B727DEEFF90080B5E0 /* Main.storyboard in Resources */ = {isa = PBXBuildFile; fileRef = B2C1E0B527DEEFF90080B5E0 /* Main.storyboard */; };
		B2C1E0B927DEEFFB0080B5E0 /* Assets.xcassets in Resources */ = {isa = PBXBuildFile; fileRef = B2C1E0B827DEEFFB0080B5E0 /* Assets.xcassets */; };
		B2C1E0BC27DEEFFB0080B5E0 /* LaunchScreen.storyboard in Resources */ = {isa = PBXBuildFile; fileRef = B2C1E0BA27DEEFFB0080B5E0 /* LaunchScreen.storyboard */; };
		B2C1E0C427DEF3D10080B5E0 /* Analytics.swift in Sources */ = {isa = PBXBuildFile; fileRef = B2C1E0C327DEF3D10080B5E0 /* Analytics.swift */; };
		B2C1E0C627DEF5ED0080B5E0 /* MySingletonAnalytics.swift in Sources */ = {isa = PBXBuildFile; fileRef = B2C1E0C527DEF5ED0080B5E0 /* MySingletonAnalytics.swift */; };
		B2C1E0D527DEFAD60080B5E0 /* InstancePropertyViewController.swift in Sources */ = {isa = PBXBuildFile; fileRef = B2C1E0D427DEFAD60080B5E0 /* InstancePropertyViewController.swift */; };
		B2C1E0D727DEFB970080B5E0 /* ClosurePropertyViewController.swift in Sources */ = {isa = PBXBuildFile; fileRef = B2C1E0D627DEFB970080B5E0 /* ClosurePropertyViewController.swift */; };
		B2C1E0DA27DEFC080080B5E0 /* OverrideViewController.swift in Sources */ = {isa = PBXBuildFile; fileRef = B2C1E0D827DEFC080080B5E0 /* OverrideViewController.swift */; };
		B2C1E0DB27DEFC080080B5E0 /* OverrideViewController.xib in Resources */ = {isa = PBXBuildFile; fileRef = B2C1E0D927DEFC080080B5E0 /* OverrideViewController.xib */; };
/* End PBXBuildFile section */

/* Begin PBXContainerItemProxy section */
		B243EB4C27E125440006EB1A /* PBXContainerItemProxy */ = {
			isa = PBXContainerItemProxy;
			containerPortal = B2C1E0A427DEEFF90080B5E0 /* Project object */;
			proxyType = 1;
			remoteGlobalIDString = B2C1E0AB27DEEFF90080B5E0;
			remoteInfo = HardDependencies;
		};
		B2C1E0CF27DEFAB70080B5E0 /* PBXContainerItemProxy */ = {
			isa = PBXContainerItemProxy;
			containerPortal = B2C1E0A427DEEFF90080B5E0 /* Project object */;
			proxyType = 1;
			remoteGlobalIDString = B2C1E0AB27DEEFF90080B5E0;
			remoteInfo = HardDependencies;
		};
/* End PBXContainerItemProxy section */

/* Begin PBXFileReference section */
		B243EB3827E11E2F0006EB1A /* InstanceInitializerViewController.swift */ = {isa = PBXFileReference; lastKnownFileType = sourcecode.swift; path = InstanceInitializerViewController.swift; sourceTree = "<group>"; };
		B243EB3927E11E2F0006EB1A /* InstanceInitializerViewController.xib */ = {isa = PBXFileReference; lastKnownFileType = file.xib; path = InstanceInitializerViewController.xib; sourceTree = "<group>"; };
		B243EB3C27E11E570006EB1A /* ClosureInitializerViewController.swift */ = {isa = PBXFileReference; lastKnownFileType = sourcecode.swift; path = ClosureInitializerViewController.swift; sourceTree = "<group>"; };
		B243EB3D27E11E570006EB1A /* ClosureInitializerViewController.xib */ = {isa = PBXFileReference; lastKnownFileType = file.xib; path = ClosureInitializerViewController.xib; sourceTree = "<group>"; };
		B243EB4027E11E6D0006EB1A /* MySingletonViewController.swift */ = {isa = PBXFileReference; lastKnownFileType = sourcecode.swift; path = MySingletonViewController.swift; sourceTree = "<group>"; };
		B243EB4127E11E6D0006EB1A /* MySingletonViewController.xib */ = {isa = PBXFileReference; lastKnownFileType = file.xib; path = MySingletonViewController.xib; sourceTree = "<group>"; };
		B243EB4827E125440006EB1A /* MySingletonViewControllerTests.xctest */ = {isa = PBXFileReference; explicitFileType = wrapper.cfbundle; includeInIndex = 0; path = MySingletonViewControllerTests.xctest; sourceTree = BUILT_PRODUCTS_DIR; };
		B243EB4A27E125440006EB1A /* MySingletonViewControllerTests.swift */ = {isa = PBXFileReference; lastKnownFileType = sourcecode.swift; path = MySingletonViewControllerTests.swift; sourceTree = "<group>"; };
		B2C1E0AC27DEEFF90080B5E0 /* HardDependencies.app */ = {isa = PBXFileReference; explicitFileType = wrapper.application; includeInIndex = 0; path = HardDependencies.app; sourceTree = BUILT_PRODUCTS_DIR; };
		B2C1E0AF27DEEFF90080B5E0 /* AppDelegate.swift */ = {isa = PBXFileReference; lastKnownFileType = sourcecode.swift; path = AppDelegate.swift; sourceTree = "<group>"; };
		B2C1E0B127DEEFF90080B5E0 /* SceneDelegate.swift */ = {isa = PBXFileReference; lastKnownFileType = sourcecode.swift; path = SceneDelegate.swift; sourceTree = "<group>"; };
		B2C1E0B327DEEFF90080B5E0 /* ViewController.swift */ = {isa = PBXFileReference; lastKnownFileType = sourcecode.swift; path = ViewController.swift; sourceTree = "<group>"; };
		B2C1E0B627DEEFF90080B5E0 /* Base */ = {isa = PBXFileReference; lastKnownFileType = file.storyboard; name = Base; path = Base.lproj/Main.storyboard; sourceTree = "<group>"; };
		B2C1E0B827DEEFFB0080B5E0 /* Assets.xcassets */ = {isa = PBXFileReference; lastKnownFileType = folder.assetcatalog; path = Assets.xcassets; sourceTree = "<group>"; };
		B2C1E0BB27DEEFFB0080B5E0 /* Base */ = {isa = PBXFileReference; lastKnownFileType = file.storyboard; name = Base; path = Base.lproj/LaunchScreen.storyboard; sourceTree = "<group>"; };
		B2C1E0BD27DEEFFB0080B5E0 /* Info.plist */ = {isa = PBXFileReference; lastKnownFileType = text.plist.xml; path = Info.plist; sourceTree = "<group>"; };
		B2C1E0C327DEF3D10080B5E0 /* Analytics.swift */ = {isa = PBXFileReference; lastKnownFileType = sourcecode.swift; path = Analytics.swift; sourceTree = "<group>"; };
		B2C1E0C527DEF5ED0080B5E0 /* MySingletonAnalytics.swift */ = {isa = PBXFileReference; lastKnownFileType = sourcecode.swift; path = MySingletonAnalytics.swift; sourceTree = "<group>"; };
		B2C1E0CB27DEFAB70080B5E0 /* HardDependenciesTests.xctest */ = {isa = PBXFileReference; explicitFileType = wrapper.cfbundle; includeInIndex = 0; path = HardDependenciesTests.xctest; sourceTree = BUILT_PRODUCTS_DIR; };
		B2C1E0D427DEFAD60080B5E0 /* InstancePropertyViewController.swift */ = {isa = PBXFileReference; lastKnownFileType = sourcecode.swift; path = InstancePropertyViewController.swift; sourceTree = "<group>"; };
		B2C1E0D627DEFB970080B5E0 /* ClosurePropertyViewController.swift */ = {isa = PBXFileReference; lastKnownFileType = sourcecode.swift; path = ClosurePropertyViewController.swift; sourceTree = "<group>"; };
		B2C1E0D827DEFC080080B5E0 /* OverrideViewController.swift */ = {isa = PBXFileReference; lastKnownFileType = sourcecode.swift; path = OverrideViewController.swift; sourceTree = "<group>"; };
		B2C1E0D927DEFC080080B5E0 /* OverrideViewController.xib */ = {isa = PBXFileReference; lastKnownFileType = file.xib; path = OverrideViewController.xib; sourceTree = "<group>"; };
/* End PBXFileReference section */

/* Begin PBXFrameworksBuildPhase section */
		B243EB4527E125440006EB1A /* Frameworks */ = {
			isa = PBXFrameworksBuildPhase;
			buildActionMask = 2147483647;
			files = (
			);
			runOnlyForDeploymentPostprocessing = 0;
		};
		B2C1E0A927DEEFF90080B5E0 /* Frameworks */ = {
			isa = PBXFrameworksBuildPhase;
			buildActionMask = 2147483647;
			files = (
			);
			runOnlyForDeploymentPostprocessing = 0;
		};
		B2C1E0C827DEFAB70080B5E0 /* Frameworks */ = {
			isa = PBXFrameworksBuildPhase;
			buildActionMask = 2147483647;
			files = (
			);
			runOnlyForDeploymentPostprocessing = 0;
		};
/* End PBXFrameworksBuildPhase section */

/* Begin PBXGroup section */
		B243EB4927E125440006EB1A /* MySingletonViewControllerTests */ = {
			isa = PBXGroup;
			children = (
				B243EB4A27E125440006EB1A /* MySingletonViewControllerTests.swift */,
			);
			path = MySingletonViewControllerTests;
			sourceTree = "<group>";
		};
		B2C1E0A327DEEFF90080B5E0 = {
			isa = PBXGroup;
			children = (
				B2C1E0AE27DEEFF90080B5E0 /* HardDependencies */,
				B243EB4927E125440006EB1A /* MySingletonViewControllerTests */,
				B2C1E0AD27DEEFF90080B5E0 /* Products */,
			);
			sourceTree = "<group>";
		};
		B2C1E0AD27DEEFF90080B5E0 /* Products */ = {
			isa = PBXGroup;
			children = (
				B2C1E0AC27DEEFF90080B5E0 /* HardDependencies.app */,
				B2C1E0CB27DEFAB70080B5E0 /* HardDependenciesTests.xctest */,
				B243EB4827E125440006EB1A /* MySingletonViewControllerTests.xctest */,
			);
			name = Products;
			sourceTree = "<group>";
		};
		B2C1E0AE27DEEFF90080B5E0 /* HardDependencies */ = {
			isa = PBXGroup;
			children = (
				B2C1E0AF27DEEFF90080B5E0 /* AppDelegate.swift */,
				B2C1E0B127DEEFF90080B5E0 /* SceneDelegate.swift */,
				B2C1E0B327DEEFF90080B5E0 /* ViewController.swift */,
				B2C1E0C327DEF3D10080B5E0 /* Analytics.swift */,
				B2C1E0C527DEF5ED0080B5E0 /* MySingletonAnalytics.swift */,
				B2C1E0D427DEFAD60080B5E0 /* InstancePropertyViewController.swift */,
				B2C1E0D627DEFB970080B5E0 /* ClosurePropertyViewController.swift */,
				B2C1E0D827DEFC080080B5E0 /* OverrideViewController.swift */,
				B243EB3827E11E2F0006EB1A /* InstanceInitializerViewController.swift */,
				B243EB3C27E11E570006EB1A /* ClosureInitializerViewController.swift */,
				B243EB4027E11E6D0006EB1A /* MySingletonViewController.swift */,
				B243EB4127E11E6D0006EB1A /* MySingletonViewController.xib */,
				B243EB3D27E11E570006EB1A /* ClosureInitializerViewController.xib */,
				B243EB3927E11E2F0006EB1A /* InstanceInitializerViewController.xib */,
				B2C1E0D927DEFC080080B5E0 /* OverrideViewController.xib */,
				B2C1E0B527DEEFF90080B5E0 /* Main.storyboard */,
				B2C1E0B827DEEFFB0080B5E0 /* Assets.xcassets */,
				B2C1E0BA27DEEFFB0080B5E0 /* LaunchScreen.storyboard */,
				B2C1E0BD27DEEFFB0080B5E0 /* Info.plist */,
			);
			path = HardDependencies;
			sourceTree = "<group>";
		};
/* End PBXGroup section */

/* Begin PBXNativeTarget section */
		B243EB4727E125440006EB1A /* MySingletonViewControllerTests */ = {
			isa = PBXNativeTarget;
			buildConfigurationList = B243EB4E27E125440006EB1A /* Build configuration list for PBXNativeTarget "MySingletonViewControllerTests" */;
			buildPhases = (
				B243EB4427E125440006EB1A /* Sources */,
				B243EB4527E125440006EB1A /* Frameworks */,
				B243EB4627E125440006EB1A /* Resources */,
			);
			buildRules = (
			);
			dependencies = (
				B243EB4D27E125440006EB1A /* PBXTargetDependency */,
			);
			name = MySingletonViewControllerTests;
			productName = MySingletonViewControllerTests;
			productReference = B243EB4827E125440006EB1A /* MySingletonViewControllerTests.xctest */;
			productType = "com.apple.product-type.bundle.unit-test";
		};
		B2C1E0AB27DEEFF90080B5E0 /* HardDependencies */ = {
			isa = PBXNativeTarget;
			buildConfigurationList = B2C1E0C027DEEFFB0080B5E0 /* Build configuration list for PBXNativeTarget "HardDependencies" */;
			buildPhases = (
				B2C1E0A827DEEFF90080B5E0 /* Sources */,
				B2C1E0A927DEEFF90080B5E0 /* Frameworks */,
				B2C1E0AA27DEEFF90080B5E0 /* Resources */,
			);
			buildRules = (
			);
			dependencies = (
			);
			name = HardDependencies;
			productName = HardDependencies;
			productReference = B2C1E0AC27DEEFF90080B5E0 /* HardDependencies.app */;
			productType = "com.apple.product-type.application";
		};
		B2C1E0CA27DEFAB70080B5E0 /* HardDependenciesTests */ = {
			isa = PBXNativeTarget;
			buildConfigurationList = B2C1E0D127DEFAB70080B5E0 /* Build configuration list for PBXNativeTarget "HardDependenciesTests" */;
			buildPhases = (
				B2C1E0C727DEFAB70080B5E0 /* Sources */,
				B2C1E0C827DEFAB70080B5E0 /* Frameworks */,
				B2C1E0C927DEFAB70080B5E0 /* Resources */,
			);
			buildRules = (
			);
			dependencies = (
				B2C1E0D027DEFAB70080B5E0 /* PBXTargetDependency */,
			);
			name = HardDependenciesTests;
			productName = HardDependenciesTests;
			productReference = B2C1E0CB27DEFAB70080B5E0 /* HardDependenciesTests.xctest */;
			productType = "com.apple.product-type.bundle.unit-test";
		};
/* End PBXNativeTarget section */

/* Begin PBXProject section */
		B2C1E0A427DEEFF90080B5E0 /* Project object */ = {
			isa = PBXProject;
			attributes = {
				BuildIndependentTargetsInParallel = 1;
				LastSwiftUpdateCheck = 1320;
				LastUpgradeCheck = 1320;
				TargetAttributes = {
					B243EB4727E125440006EB1A = {
						CreatedOnToolsVersion = 13.2.1;
						TestTargetID = B2C1E0AB27DEEFF90080B5E0;
					};
					B2C1E0AB27DEEFF90080B5E0 = {
						CreatedOnToolsVersion = 13.2.1;
					};
					B2C1E0CA27DEFAB70080B5E0 = {
						CreatedOnToolsVersion = 13.2.1;
						TestTargetID = B2C1E0AB27DEEFF90080B5E0;
					};
				};
			};
			buildConfigurationList = B2C1E0A727DEEFF90080B5E0 /* Build configuration list for PBXProject "HardDependencies" */;
			compatibilityVersion = "Xcode 13.0";
			developmentRegion = en;
			hasScannedForEncodings = 0;
			knownRegions = (
				en,
				Base,
			);
			mainGroup = B2C1E0A327DEEFF90080B5E0;
			productRefGroup = B2C1E0AD27DEEFF90080B5E0 /* Products */;
			projectDirPath = "";
			projectRoot = "";
			targets = (
				B2C1E0AB27DEEFF90080B5E0 /* HardDependencies */,
				B2C1E0CA27DEFAB70080B5E0 /* HardDependenciesTests */,
				B243EB4727E125440006EB1A /* MySingletonViewControllerTests */,
			);
		};
/* End PBXProject section */

/* Begin PBXResourcesBuildPhase section */
		B243EB4627E125440006EB1A /* Resources */ = {
			isa = PBXResourcesBuildPhase;
			buildActionMask = 2147483647;
			files = (
			);
			runOnlyForDeploymentPostprocessing = 0;
		};
		B2C1E0AA27DEEFF90080B5E0 /* Resources */ = {
			isa = PBXResourcesBuildPhase;
			buildActionMask = 2147483647;
			files = (
				B243EB3B27E11E2F0006EB1A /* InstanceInitializerViewController.xib in Resources */,
				B2C1E0BC27DEEFFB0080B5E0 /* LaunchScreen.storyboard in Resources */,
				B2C1E0B927DEEFFB0080B5E0 /* Assets.xcassets in Resources */,
				B2C1E0DB27DEFC080080B5E0 /* OverrideViewController.xib in Resources */,
				B2C1E0B727DEEFF90080B5E0 /* Main.storyboard in Resources */,
				B243EB3F27E11E570006EB1A /* ClosureInitializerViewController.xib in Resources */,
				B243EB4327E11E6D0006EB1A /* MySingletonViewController.xib in Resources */,
			);
			runOnlyForDeploymentPostprocessing = 0;
		};
		B2C1E0C927DEFAB70080B5E0 /* Resources */ = {
			isa = PBXResourcesBuildPhase;
			buildActionMask = 2147483647;
			files = (
			);
			runOnlyForDeploymentPostprocessing = 0;
		};
/* End PBXResourcesBuildPhase section */

/* Begin PBXSourcesBuildPhase section */
		B243EB4427E125440006EB1A /* Sources */ = {
			isa = PBXSourcesBuildPhase;
			buildActionMask = 2147483647;
			files = (
				B243EB4B27E125440006EB1A /* MySingletonViewControllerTests.swift in Sources */,
			);
			runOnlyForDeploymentPostprocessing = 0;
		};
		B2C1E0A827DEEFF90080B5E0 /* Sources */ = {
			isa = PBXSourcesBuildPhase;
			buildActionMask = 2147483647;
			files = (
				B2C1E0B427DEEFF90080B5E0 /* ViewController.swift in Sources */,
				B2C1E0B027DEEFF90080B5E0 /* AppDelegate.swift in Sources */,
				B2C1E0C427DEF3D10080B5E0 /* Analytics.swift in Sources */,
				B2C1E0C627DEF5ED0080B5E0 /* MySingletonAnalytics.swift in Sources */,
				B2C1E0D527DEFAD60080B5E0 /* InstancePropertyViewController.swift in Sources */,
				B243EB4227E11E6D0006EB1A /* MySingletonViewController.swift in Sources */,
				B2C1E0B227DEEFF90080B5E0 /* SceneDelegate.swift in Sources */,
				B2C1E0DA27DEFC080080B5E0 /* OverrideViewController.swift in Sources */,
				B243EB3E27E11E570006EB1A /* ClosureInitializerViewController.swift in Sources */,
				B243EB3A27E11E2F0006EB1A /* InstanceInitializerViewController.swift in Sources */,
				B2C1E0D727DEFB970080B5E0 /* ClosurePropertyViewController.swift in Sources */,
			);
			runOnlyForDeploymentPostprocessing = 0;
		};
		B2C1E0C727DEFAB70080B5E0 /* Sources */ = {
			isa = PBXSourcesBuildPhase;
			buildActionMask = 2147483647;
			files = (
			);
			runOnlyForDeploymentPostprocessing = 0;
		};
/* End PBXSourcesBuildPhase section */

/* Begin PBXTargetDependency section */
		B243EB4D27E125440006EB1A /* PBXTargetDependency */ = {
			isa = PBXTargetDependency;
			target = B2C1E0AB27DEEFF90080B5E0 /* HardDependencies */;
			targetProxy = B243EB4C27E125440006EB1A /* PBXContainerItemProxy */;
		};
		B2C1E0D027DEFAB70080B5E0 /* PBXTargetDependency */ = {
			isa = PBXTargetDependency;
			target = B2C1E0AB27DEEFF90080B5E0 /* HardDependencies */;
			targetProxy = B2C1E0CF27DEFAB70080B5E0 /* PBXContainerItemProxy */;
		};
/* End PBXTargetDependency section */

/* Begin PBXVariantGroup section */
		B2C1E0B527DEEFF90080B5E0 /* Main.storyboard */ = {
			isa = PBXVariantGroup;
			children = (
				B2C1E0B627DEEFF90080B5E0 /* Base */,
			);
			name = Main.storyboard;
			sourceTree = "<group>";
		};
		B2C1E0BA27DEEFFB0080B5E0 /* LaunchScreen.storyboard */ = {
			isa = PBXVariantGroup;
			children = (
				B2C1E0BB27DEEFFB0080B5E0 /* Base */,
			);
			name = LaunchScreen.storyboard;
			sourceTree = "<group>";
		};
/* End PBXVariantGroup section */

/* Begin XCBuildConfiguration section */
		B243EB4F27E125440006EB1A /* Debug */ = {
			isa = XCBuildConfiguration;
			buildSettings = {
				BUNDLE_LOADER = "$(TEST_HOST)";
				CODE_SIGN_STYLE = Automatic;
				CURRENT_PROJECT_VERSION = 1;
				DEVELOPMENT_TEAM = 9WTXG2G2BJ;
				GENERATE_INFOPLIST_FILE = YES;
				MARKETING_VERSION = 1.0;
				PRODUCT_BUNDLE_IDENTIFIER = tech.diayansiat.MySingletonViewControllerTests;
				PRODUCT_NAME = "$(TARGET_NAME)";
				SWIFT_EMIT_LOC_STRINGS = NO;
				SWIFT_VERSION = 5.0;
				TARGETED_DEVICE_FAMILY = "1,2";
				TEST_HOST = "$(BUILT_PRODUCTS_DIR)/HardDependencies.app/HardDependencies";
			};
			name = Debug;
		};
		B243EB5027E125440006EB1A /* Release */ = {
			isa = XCBuildConfiguration;
			buildSettings = {
				BUNDLE_LOADER = "$(TEST_HOST)";
				CODE_SIGN_STYLE = Automatic;
				CURRENT_PROJECT_VERSION = 1;
				DEVELOPMENT_TEAM = 9WTXG2G2BJ;
				GENERATE_INFOPLIST_FILE = YES;
				MARKETING_VERSION = 1.0;
				PRODUCT_BUNDLE_IDENTIFIER = tech.diayansiat.MySingletonViewControllerTests;
				PRODUCT_NAME = "$(TARGET_NAME)";
				SWIFT_EMIT_LOC_STRINGS = NO;
				SWIFT_VERSION = 5.0;
				TARGETED_DEVICE_FAMILY = "1,2";
				TEST_HOST = "$(BUILT_PRODUCTS_DIR)/HardDependencies.app/HardDependencies";
			};
			name = Release;
		};
		B2C1E0BE27DEEFFB0080B5E0 /* Debug */ = {
			isa = XCBuildConfiguration;
			buildSettings = {
				ALWAYS_SEARCH_USER_PATHS = NO;
				CLANG_ANALYZER_NONNULL = YES;
				CLANG_ANALYZER_NUMBER_OBJECT_CONVERSION = YES_AGGRESSIVE;
				CLANG_CXX_LANGUAGE_STANDARD = "gnu++17";
				CLANG_CXX_LIBRARY = "libc++";
				CLANG_ENABLE_MODULES = YES;
				CLANG_ENABLE_OBJC_ARC = YES;
				CLANG_ENABLE_OBJC_WEAK = YES;
				CLANG_WARN_BLOCK_CAPTURE_AUTORELEASING = YES;
				CLANG_WARN_BOOL_CONVERSION = YES;
				CLANG_WARN_COMMA = YES;
				CLANG_WARN_CONSTANT_CONVERSION = YES;
				CLANG_WARN_DEPRECATED_OBJC_IMPLEMENTATIONS = YES;
				CLANG_WARN_DIRECT_OBJC_ISA_USAGE = YES_ERROR;
				CLANG_WARN_DOCUMENTATION_COMMENTS = YES;
				CLANG_WARN_EMPTY_BODY = YES;
				CLANG_WARN_ENUM_CONVERSION = YES;
				CLANG_WARN_INFINITE_RECURSION = YES;
				CLANG_WARN_INT_CONVERSION = YES;
				CLANG_WARN_NON_LITERAL_NULL_CONVERSION = YES;
				CLANG_WARN_OBJC_IMPLICIT_RETAIN_SELF = YES;
				CLANG_WARN_OBJC_LITERAL_CONVERSION = YES;
				CLANG_WARN_OBJC_ROOT_CLASS = YES_ERROR;
				CLANG_WARN_QUOTED_INCLUDE_IN_FRAMEWORK_HEADER = YES;
				CLANG_WARN_RANGE_LOOP_ANALYSIS = YES;
				CLANG_WARN_STRICT_PROTOTYPES = YES;
				CLANG_WARN_SUSPICIOUS_MOVE = YES;
				CLANG_WARN_UNGUARDED_AVAILABILITY = YES_AGGRESSIVE;
				CLANG_WARN_UNREACHABLE_CODE = YES;
				CLANG_WARN__DUPLICATE_METHOD_MATCH = YES;
				COPY_PHASE_STRIP = NO;
				DEBUG_INFORMATION_FORMAT = dwarf;
				ENABLE_STRICT_OBJC_MSGSEND = YES;
				ENABLE_TESTABILITY = YES;
				GCC_C_LANGUAGE_STANDARD = gnu11;
				GCC_DYNAMIC_NO_PIC = NO;
				GCC_NO_COMMON_BLOCKS = YES;
				GCC_OPTIMIZATION_LEVEL = 0;
				GCC_PREPROCESSOR_DEFINITIONS = (
					"DEBUG=1",
					"$(inherited)",
				);
				GCC_WARN_64_TO_32_BIT_CONVERSION = YES;
				GCC_WARN_ABOUT_RETURN_TYPE = YES_ERROR;
				GCC_WARN_UNDECLARED_SELECTOR = YES;
				GCC_WARN_UNINITIALIZED_AUTOS = YES_AGGRESSIVE;
				GCC_WARN_UNUSED_FUNCTION = YES;
				GCC_WARN_UNUSED_VARIABLE = YES;
				IPHONEOS_DEPLOYMENT_TARGET = 15.2;
				MTL_ENABLE_DEBUG_INFO = INCLUDE_SOURCE;
				MTL_FAST_MATH = YES;
				ONLY_ACTIVE_ARCH = YES;
				SDKROOT = iphoneos;
				SWIFT_ACTIVE_COMPILATION_CONDITIONS = DEBUG;
				SWIFT_OPTIMIZATION_LEVEL = "-Onone";
			};
			name = Debug;
		};
		B2C1E0BF27DEEFFB0080B5E0 /* Release */ = {
			isa = XCBuildConfiguration;
			buildSettings = {
				ALWAYS_SEARCH_USER_PATHS = NO;
				CLANG_ANALYZER_NONNULL = YES;
				CLANG_ANALYZER_NUMBER_OBJECT_CONVERSION = YES_AGGRESSIVE;
				CLANG_CXX_LANGUAGE_STANDARD = "gnu++17";
				CLANG_CXX_LIBRARY = "libc++";
				CLANG_ENABLE_MODULES = YES;
				CLANG_ENABLE_OBJC_ARC = YES;
				CLANG_ENABLE_OBJC_WEAK = YES;
				CLANG_WARN_BLOCK_CAPTURE_AUTORELEASING = YES;
				CLANG_WARN_BOOL_CONVERSION = YES;
				CLANG_WARN_COMMA = YES;
				CLANG_WARN_CONSTANT_CONVERSION = YES;
				CLANG_WARN_DEPRECATED_OBJC_IMPLEMENTATIONS = YES;
				CLANG_WARN_DIRECT_OBJC_ISA_USAGE = YES_ERROR;
				CLANG_WARN_DOCUMENTATION_COMMENTS = YES;
				CLANG_WARN_EMPTY_BODY = YES;
				CLANG_WARN_ENUM_CONVERSION = YES;
				CLANG_WARN_INFINITE_RECURSION = YES;
				CLANG_WARN_INT_CONVERSION = YES;
				CLANG_WARN_NON_LITERAL_NULL_CONVERSION = YES;
				CLANG_WARN_OBJC_IMPLICIT_RETAIN_SELF = YES;
				CLANG_WARN_OBJC_LITERAL_CONVERSION = YES;
				CLANG_WARN_OBJC_ROOT_CLASS = YES_ERROR;
				CLANG_WARN_QUOTED_INCLUDE_IN_FRAMEWORK_HEADER = YES;
				CLANG_WARN_RANGE_LOOP_ANALYSIS = YES;
				CLANG_WARN_STRICT_PROTOTYPES = YES;
				CLANG_WARN_SUSPICIOUS_MOVE = YES;
				CLANG_WARN_UNGUARDED_AVAILABILITY = YES_AGGRESSIVE;
				CLANG_WARN_UNREACHABLE_CODE = YES;
				CLANG_WARN__DUPLICATE_METHOD_MATCH = YES;
				COPY_PHASE_STRIP = NO;
				DEBUG_INFORMATION_FORMAT = "dwarf-with-dsym";
				ENABLE_NS_ASSERTIONS = NO;
				ENABLE_STRICT_OBJC_MSGSEND = YES;
				GCC_C_LANGUAGE_STANDARD = gnu11;
				GCC_NO_COMMON_BLOCKS = YES;
				GCC_WARN_64_TO_32_BIT_CONVERSION = YES;
				GCC_WARN_ABOUT_RETURN_TYPE = YES_ERROR;
				GCC_WARN_UNDECLARED_SELECTOR = YES;
				GCC_WARN_UNINITIALIZED_AUTOS = YES_AGGRESSIVE;
				GCC_WARN_UNUSED_FUNCTION = YES;
				GCC_WARN_UNUSED_VARIABLE = YES;
				IPHONEOS_DEPLOYMENT_TARGET = 15.2;
				MTL_ENABLE_DEBUG_INFO = NO;
				MTL_FAST_MATH = YES;
				SDKROOT = iphoneos;
				SWIFT_COMPILATION_MODE = wholemodule;
				SWIFT_OPTIMIZATION_LEVEL = "-O";
				VALIDATE_PRODUCT = YES;
			};
			name = Release;
		};
		B2C1E0C127DEEFFB0080B5E0 /* Debug */ = {
			isa = XCBuildConfiguration;
			buildSettings = {
				ASSETCATALOG_COMPILER_APPICON_NAME = AppIcon;
				ASSETCATALOG_COMPILER_GLOBAL_ACCENT_COLOR_NAME = AccentColor;
				CODE_SIGN_STYLE = Automatic;
				CURRENT_PROJECT_VERSION = 1;
				DEVELOPMENT_TEAM = 9WTXG2G2BJ;
				GENERATE_INFOPLIST_FILE = YES;
				INFOPLIST_FILE = HardDependencies/Info.plist;
				INFOPLIST_KEY_UIApplicationSupportsIndirectInputEvents = YES;
				INFOPLIST_KEY_UILaunchStoryboardName = LaunchScreen;
				INFOPLIST_KEY_UIMainStoryboardFile = Main;
				INFOPLIST_KEY_UISupportedInterfaceOrientations_iPad = "UIInterfaceOrientationPortrait UIInterfaceOrientationPortraitUpsideDown UIInterfaceOrientationLandscapeLeft UIInterfaceOrientationLandscapeRight";
				INFOPLIST_KEY_UISupportedInterfaceOrientations_iPhone = "UIInterfaceOrientationPortrait UIInterfaceOrientationLandscapeLeft UIInterfaceOrientationLandscapeRight";
				LD_RUNPATH_SEARCH_PATHS = (
					"$(inherited)",
					"@executable_path/Frameworks",
				);
				MARKETING_VERSION = 1.0;
				PRODUCT_BUNDLE_IDENTIFIER = tech.diayansiat.HardDependencies;
				PRODUCT_NAME = "$(TARGET_NAME)";
				SWIFT_EMIT_LOC_STRINGS = YES;
				SWIFT_VERSION = 5.0;
				TARGETED_DEVICE_FAMILY = "1,2";
			};
			name = Debug;
		};
		B2C1E0C227DEEFFB0080B5E0 /* Release */ = {
			isa = XCBuildConfiguration;
			buildSettings = {
				ASSETCATALOG_COMPILER_APPICON_NAME = AppIcon;
				ASSETCATALOG_COMPILER_GLOBAL_ACCENT_COLOR_NAME = AccentColor;
				CODE_SIGN_STYLE = Automatic;
				CURRENT_PROJECT_VERSION = 1;
				DEVELOPMENT_TEAM = 9WTXG2G2BJ;
				GENERATE_INFOPLIST_FILE = YES;
				INFOPLIST_FILE = HardDependencies/Info.plist;
				INFOPLIST_KEY_UIApplicationSupportsIndirectInputEvents = YES;
				INFOPLIST_KEY_UILaunchStoryboardName = LaunchScreen;
				INFOPLIST_KEY_UIMainStoryboardFile = Main;
				INFOPLIST_KEY_UISupportedInterfaceOrientations_iPad = "UIInterfaceOrientationPortrait UIInterfaceOrientationPortraitUpsideDown UIInterfaceOrientationLandscapeLeft UIInterfaceOrientationLandscapeRight";
				INFOPLIST_KEY_UISupportedInterfaceOrientations_iPhone = "UIInterfaceOrientationPortrait UIInterfaceOrientationLandscapeLeft UIInterfaceOrientationLandscapeRight";
				LD_RUNPATH_SEARCH_PATHS = (
					"$(inherited)",
					"@executable_path/Frameworks",
				);
				MARKETING_VERSION = 1.0;
				PRODUCT_BUNDLE_IDENTIFIER = tech.diayansiat.HardDependencies;
				PRODUCT_NAME = "$(TARGET_NAME)";
				SWIFT_EMIT_LOC_STRINGS = YES;
				SWIFT_VERSION = 5.0;
				TARGETED_DEVICE_FAMILY = "1,2";
			};
			name = Release;
		};
		B2C1E0D227DEFAB70080B5E0 /* Debug */ = {
			isa = XCBuildConfiguration;
			buildSettings = {
				BUNDLE_LOADER = "$(TEST_HOST)";
				CODE_SIGN_STYLE = Automatic;
				CURRENT_PROJECT_VERSION = 1;
				DEVELOPMENT_TEAM = 9WTXG2G2BJ;
				GENERATE_INFOPLIST_FILE = YES;
				MARKETING_VERSION = 1.0;
				PRODUCT_BUNDLE_IDENTIFIER = tech.diayansiat.HardDependenciesTests;
				PRODUCT_NAME = "$(TARGET_NAME)";
				SWIFT_EMIT_LOC_STRINGS = NO;
				SWIFT_VERSION = 5.0;
				TARGETED_DEVICE_FAMILY = "1,2";
				TEST_HOST = "$(BUILT_PRODUCTS_DIR)/HardDependencies.app/HardDependencies";
			};
			name = Debug;
		};
		B2C1E0D327DEFAB70080B5E0 /* Release */ = {
			isa = XCBuildConfiguration;
			buildSettings = {
				BUNDLE_LOADER = "$(TEST_HOST)";
				CODE_SIGN_STYLE = Automatic;
				CURRENT_PROJECT_VERSION = 1;
				DEVELOPMENT_TEAM = 9WTXG2G2BJ;
				GENERATE_INFOPLIST_FILE = YES;
				MARKETING_VERSION = 1.0;
				PRODUCT_BUNDLE_IDENTIFIER = tech.diayansiat.HardDependenciesTests;
				PRODUCT_NAME = "$(TARGET_NAME)";
				SWIFT_EMIT_LOC_STRINGS = NO;
				SWIFT_VERSION = 5.0;
				TARGETED_DEVICE_FAMILY = "1,2";
				TEST_HOST = "$(BUILT_PRODUCTS_DIR)/HardDependencies.app/HardDependencies";
			};
			name = Release;
		};
/* End XCBuildConfiguration section */

/* Begin XCConfigurationList section */
		B243EB4E27E125440006EB1A /* Build configuration list for PBXNativeTarget "MySingletonViewControllerTests" */ = {
			isa = XCConfigurationList;
			buildConfigurations = (
				B243EB4F27E125440006EB1A /* Debug */,
				B243EB5027E125440006EB1A /* Release */,
			);
			defaultConfigurationIsVisible = 0;
			defaultConfigurationName = Release;
		};
		B2C1E0A727DEEFF90080B5E0 /* Build configuration list for PBXProject "HardDependencies" */ = {
			isa = XCConfigurationList;
			buildConfigurations = (
				B2C1E0BE27DEEFFB0080B5E0 /* Debug */,
				B2C1E0BF27DEEFFB0080B5E0 /* Release */,
			);
			defaultConfigurationIsVisible = 0;
			defaultConfigurationName = Release;
		};
		B2C1E0C027DEEFFB0080B5E0 /* Build configuration list for PBXNativeTarget "HardDependencies" */ = {
			isa = XCConfigurationList;
			buildConfigurations = (
				B2C1E0C127DEEFFB0080B5E0 /* Debug */,
				B2C1E0C227DEEFFB0080B5E0 /* Release */,
			);
			defaultConfigurationIsVisible = 0;
			defaultConfigurationName = Release;
		};
		B2C1E0D127DEFAB70080B5E0 /* Build configuration list for PBXNativeTarget "HardDependenciesTests" */ = {
			isa = XCConfigurationList;
			buildConfigurations = (
				B2C1E0D227DEFAB70080B5E0 /* Debug */,
				B2C1E0D327DEFAB70080B5E0 /* Release */,
			);
			defaultConfigurationIsVisible = 0;
			defaultConfigurationName = Release;
		};
/* End XCConfigurationList section */
	};
	rootObject = B2C1E0A427DEEFF90080B5E0 /* Project object */;
}
